
Microsoft Visual Studio Solution File, Format Version 12.00
# Visual Studio Version 17
VisualStudioVersion = 17.5.33424.131
MinimumVisualStudioVersion = 10.0.40219.1
Project("{FAE04EC0-301F-11D3-BF4B-00C04F79EFBC}") = "LiveSplit.LoadRemover", "LiveSplit.LoadRemover.csproj", "{9FCE5CE3-A361-4794-91A1-B89A2C2544C7}"
EndProject
Project("{FAE04EC0-301F-11D3-BF4B-00C04F79EFBC}") = "LiveSplit.Core", "..\..\livesplit\LiveSplit\LiveSplit\LiveSplit.Core\LiveSplit.Core.csproj", "{6DE847DB-20A3-4848-AEEE-1B4364AECDFB}"
EndProject
Project("{FAE04EC0-301F-11D3-BF4B-00C04F79EFBC}") = "UpdateManager", "..\..\livesplit\LiveSplit\LiveSplit\UpdateManager\UpdateManager.csproj", "{56DEA3A0-2EB7-493B-B50F-A5E3AA8AE52A}"
EndProject
Global
	GlobalSection(SolutionConfigurationPlatforms) = preSolution
		Debug|Any CPU = Debug|Any CPU
		Release Candidate|Any CPU = Release Candidate|Any CPU
		Release|Any CPU = Release|Any CPU
	EndGlobalSection
	GlobalSection(ProjectConfigurationPlatforms) = postSolution
		{9FCE5CE3-A361-4794-91A1-B89A2C2544C7}.Debug|Any CPU.ActiveCfg = Debug|Any CPU
		{9FCE5CE3-A361-4794-91A1-B89A2C2544C7}.Debug|Any CPU.Build.0 = Debug|Any CPU
		{9FCE5CE3-A361-4794-91A1-B89A2C2544C7}.Release Candidate|Any CPU.ActiveCfg = Release|Any CPU
		{9FCE5CE3-A361-4794-91A1-B89A2C2544C7}.Release Candidate|Any CPU.Build.0 = Release|Any CPU
		{9FCE5CE3-A361-4794-91A1-B89A2C2544C7}.Release|Any CPU.ActiveCfg = Release|Any CPU
		{9FCE5CE3-A361-4794-91A1-B89A2C2544C7}.Release|Any CPU.Build.0 = Release|Any CPU
		{6DE847DB-20A3-4848-AEEE-1B4364AECDFB}.Debug|Any CPU.ActiveCfg = Debug|Any CPU
		{6DE847DB-20A3-4848-AEEE-1B4364AECDFB}.Debug|Any CPU.Build.0 = Debug|Any CPU
		{6DE847DB-20A3-4848-AEEE-1B4364AECDFB}.Release Candidate|Any CPU.ActiveCfg = Release Candidate|Any CPU
		{6DE847DB-20A3-4848-AEEE-1B4364AECDFB}.Release Candidate|Any CPU.Build.0 = Release Candidate|Any CPU
		{6DE847DB-20A3-4848-AEEE-1B4364AECDFB}.Release|Any CPU.ActiveCfg = Release|Any CPU
		{6DE847DB-20A3-4848-AEEE-1B4364AECDFB}.Release|Any CPU.Build.0 = Release|Any CPU
		{56DEA3A0-2EB7-493B-B50F-A5E3AA8AE52A}.Debug|Any CPU.ActiveCfg = Debug|Any CPU
		{56DEA3A0-2EB7-493B-B50F-A5E3AA8AE52A}.Debug|Any CPU.Build.0 = Debug|Any CPU
		{56DEA3A0-2EB7-493B-B50F-A5E3AA8AE52A}.Release Candidate|Any CPU.ActiveCfg = Release Candidate|Any CPU
		{56DEA3A0-2EB7-493B-B50F-A5E3AA8AE52A}.Release Candidate|Any CPU.Build.0 = Release Candidate|Any CPU
		{56DEA3A0-2EB7-493B-B50F-A5E3AA8AE52A}.Release|Any CPU.ActiveCfg = Release|Any CPU
		{56DEA3A0-2EB7-493B-B50F-A5E3AA8AE52A}.Release|Any CPU.Build.0 = Release|Any CPU
	EndGlobalSection
	GlobalSection(SolutionProperties) = preSolution
		HideSolutionNode = FALSE
	EndGlobalSection
	GlobalSection(ExtensibilityGlobals) = postSolution
		SolutionGuid = {9A320097-1E11-4A27-B56B-8D50DB23C594}
	EndGlobalSection
EndGlobal
